
Microsoft Visual Studio Solution File, Format Version 12.00
# Visual Studio Version 17
VisualStudioVersion = 17.9.34616.47
MinimumVisualStudioVersion = 10.0.40219.1
Project("{FAE04EC0-301F-11D3-BF4B-00C04F79EFBC}") = "10_4_konstruktory", "10_4_konstruktory.csproj", "{6F14C30E-B9B6-488A-A567-4B1B8A7B0113}"
EndProject
Global
	GlobalSection(SolutionConfigurationPlatforms) = preSolution
		Debug|Any CPU = Debug|Any CPU
		Release|Any CPU = Release|Any CPU
	EndGlobalSection
	GlobalSection(ProjectConfigurationPlatforms) = postSolution
		{6F14C30E-B9B6-488A-A567-4B1B8A7B0113}.Debug|Any CPU.ActiveCfg = Debug|Any CPU
		{6F14C30E-B9B6-488A-A567-4B1B8A7B0113}.Debug|Any CPU.Build.0 = Debug|Any CPU
		{6F14C30E-B9B6-488A-A567-4B1B8A7B0113}.Release|Any CPU.ActiveCfg = Release|Any CPU
		{6F14C30E-B9B6-488A-A567-4B1B8A7B0113}.Release|Any CPU.Build.0 = Release|Any CPU
	EndGlobalSection
	GlobalSection(SolutionProperties) = preSolution
		HideSolutionNode = FALSE
	EndGlobalSection
	GlobalSection(ExtensibilityGlobals) = postSolution
		SolutionGuid = {BCB2589A-65AC-4842-8056-3A8EB88878F9}
	EndGlobalSection
EndGlobal
